// !$*UTF8*$!
{
	archiveVersion = 1;
	classes = {
	};
	objectVersion = 56;
	objects = {

/* Begin PBXBuildFile section */
		CC0D777829D838B80095F2F9 /* SingleImageViewController.swift in Sources */ = {isa = PBXBuildFile; fileRef = CC0D777729D838B80095F2F9 /* SingleImageViewController.swift */; };
		CC3F2A1029F47CE70071CC51 /* UnsplashOAuth2Response.swift in Sources */ = {isa = PBXBuildFile; fileRef = CC3F2A0F29F47CE70071CC51 /* UnsplashOAuth2Response.swift */; };
		CC3F2A1229F480220071CC51 /* UnsplashOAuth2ResponseError.swift in Sources */ = {isa = PBXBuildFile; fileRef = CC3F2A1129F480220071CC51 /* UnsplashOAuth2ResponseError.swift */; };
		CC3F2A1429F5576D0071CC51 /* UnsplashError.swift in Sources */ = {isa = PBXBuildFile; fileRef = CC3F2A1329F5576D0071CC51 /* UnsplashError.swift */; };
		CC3F2A1629F55F880071CC51 /* OAuth2TokenStorage.swift in Sources */ = {isa = PBXBuildFile; fileRef = CC3F2A1529F55F880071CC51 /* OAuth2TokenStorage.swift */; };
		CC3F2A1B29FAE82B0071CC51 /* SplashViewController.swift in Sources */ = {isa = PBXBuildFile; fileRef = CC3F2A1A29FAE82B0071CC51 /* SplashViewController.swift */; };
		CC4BDBDB2A1FC2150079B21E /* ProgressHUD in Frameworks */ = {isa = PBXBuildFile; productRef = CC4BDBDA2A1FC2150079B21E /* ProgressHUD */; };
		CC4D466629C9F74000DDBF6E /* AppDelegate.swift in Sources */ = {isa = PBXBuildFile; fileRef = CC4D466529C9F74000DDBF6E /* AppDelegate.swift */; };
		CC4D466829C9F74000DDBF6E /* SceneDelegate.swift in Sources */ = {isa = PBXBuildFile; fileRef = CC4D466729C9F74000DDBF6E /* SceneDelegate.swift */; };
		CC4D466A29C9F74000DDBF6E /* ImagesListViewController.swift in Sources */ = {isa = PBXBuildFile; fileRef = CC4D466929C9F74000DDBF6E /* ImagesListViewController.swift */; };
		CC4D466D29C9F74000DDBF6E /* Main.storyboard in Resources */ = {isa = PBXBuildFile; fileRef = CC4D466B29C9F74000DDBF6E /* Main.storyboard */; };
		CC4D466F29C9F74200DDBF6E /* Assets.xcassets in Resources */ = {isa = PBXBuildFile; fileRef = CC4D466E29C9F74200DDBF6E /* Assets.xcassets */; };
		CC4D467229C9F74200DDBF6E /* LaunchScreen.storyboard in Resources */ = {isa = PBXBuildFile; fileRef = CC4D467029C9F74200DDBF6E /* LaunchScreen.storyboard */; };
		CC4D467A29CA074100DDBF6E /* ImagesListCell.swift in Sources */ = {isa = PBXBuildFile; fileRef = CC4D467929CA074100DDBF6E /* ImagesListCell.swift */; };
		CC5D613D29EF13210034CB8D /* Constants.swift in Sources */ = {isa = PBXBuildFile; fileRef = CC5D613C29EF13210034CB8D /* Constants.swift */; };
		CC5D614029EF172F0034CB8D /* AuthViewController.swift in Sources */ = {isa = PBXBuildFile; fileRef = CC5D613F29EF172F0034CB8D /* AuthViewController.swift */; };
		CC5D614229EF17BE0034CB8D /* WebViewViewController.swift in Sources */ = {isa = PBXBuildFile; fileRef = CC5D614129EF17BE0034CB8D /* WebViewViewController.swift */; };
		CC5D614429EF21F30034CB8D /* ProtocolWebViewViewControllerDelegate.swift in Sources */ = {isa = PBXBuildFile; fileRef = CC5D614329EF21F30034CB8D /* ProtocolWebViewViewControllerDelegate.swift */; };
		CC84D5AC29D20149007317D5 /* ProfileViewController.swift in Sources */ = {isa = PBXBuildFile; fileRef = CC84D5AB29D20149007317D5 /* ProfileViewController.swift */; };
		CCB868D829F07F4000F31DA1 /* OAuth2Service.swift in Sources */ = {isa = PBXBuildFile; fileRef = CCB868D729F07F4000F31DA1 /* OAuth2Service.swift */; };
/* End PBXBuildFile section */

/* Begin PBXFileReference section */
		CC0D777729D838B80095F2F9 /* SingleImageViewController.swift */ = {isa = PBXFileReference; lastKnownFileType = sourcecode.swift; path = SingleImageViewController.swift; sourceTree = "<group>"; };
		CC3F2A0F29F47CE70071CC51 /* UnsplashOAuth2Response.swift */ = {isa = PBXFileReference; lastKnownFileType = sourcecode.swift; path = UnsplashOAuth2Response.swift; sourceTree = "<group>"; };
		CC3F2A1129F480220071CC51 /* UnsplashOAuth2ResponseError.swift */ = {isa = PBXFileReference; lastKnownFileType = sourcecode.swift; path = UnsplashOAuth2ResponseError.swift; sourceTree = "<group>"; };
		CC3F2A1329F5576D0071CC51 /* UnsplashError.swift */ = {isa = PBXFileReference; lastKnownFileType = sourcecode.swift; path = UnsplashError.swift; sourceTree = "<group>"; };
		CC3F2A1529F55F880071CC51 /* OAuth2TokenStorage.swift */ = {isa = PBXFileReference; lastKnownFileType = sourcecode.swift; path = OAuth2TokenStorage.swift; sourceTree = "<group>"; };
		CC3F2A1A29FAE82B0071CC51 /* SplashViewController.swift */ = {isa = PBXFileReference; lastKnownFileType = sourcecode.swift; path = SplashViewController.swift; sourceTree = "<group>"; };
		CC4D466229C9F74000DDBF6E /* ImageFeed2.app */ = {isa = PBXFileReference; explicitFileType = wrapper.application; includeInIndex = 0; path = ImageFeed2.app; sourceTree = BUILT_PRODUCTS_DIR; };
		CC4D466529C9F74000DDBF6E /* AppDelegate.swift */ = {isa = PBXFileReference; lastKnownFileType = sourcecode.swift; path = AppDelegate.swift; sourceTree = "<group>"; };
		CC4D466729C9F74000DDBF6E /* SceneDelegate.swift */ = {isa = PBXFileReference; lastKnownFileType = sourcecode.swift; path = SceneDelegate.swift; sourceTree = "<group>"; };
		CC4D466929C9F74000DDBF6E /* ImagesListViewController.swift */ = {isa = PBXFileReference; lastKnownFileType = sourcecode.swift; path = ImagesListViewController.swift; sourceTree = "<group>"; };
		CC4D466C29C9F74000DDBF6E /* Base */ = {isa = PBXFileReference; lastKnownFileType = file.storyboard; name = Base; path = Base.lproj/Main.storyboard; sourceTree = "<group>"; };
		CC4D466E29C9F74200DDBF6E /* Assets.xcassets */ = {isa = PBXFileReference; lastKnownFileType = folder.assetcatalog; path = Assets.xcassets; sourceTree = "<group>"; };
		CC4D467129C9F74200DDBF6E /* Base */ = {isa = PBXFileReference; lastKnownFileType = file.storyboard; name = Base; path = Base.lproj/LaunchScreen.storyboard; sourceTree = "<group>"; };
		CC4D467329C9F74200DDBF6E /* Info.plist */ = {isa = PBXFileReference; lastKnownFileType = text.plist.xml; path = Info.plist; sourceTree = "<group>"; };
		CC4D467929CA074100DDBF6E /* ImagesListCell.swift */ = {isa = PBXFileReference; lastKnownFileType = sourcecode.swift; path = ImagesListCell.swift; sourceTree = "<group>"; };
		CC5D613C29EF13210034CB8D /* Constants.swift */ = {isa = PBXFileReference; lastKnownFileType = sourcecode.swift; path = Constants.swift; sourceTree = "<group>"; };
		CC5D613F29EF172F0034CB8D /* AuthViewController.swift */ = {isa = PBXFileReference; lastKnownFileType = sourcecode.swift; path = AuthViewController.swift; sourceTree = "<group>"; };
		CC5D614129EF17BE0034CB8D /* WebViewViewController.swift */ = {isa = PBXFileReference; lastKnownFileType = sourcecode.swift; path = WebViewViewController.swift; sourceTree = "<group>"; };
		CC5D614329EF21F30034CB8D /* ProtocolWebViewViewControllerDelegate.swift */ = {isa = PBXFileReference; lastKnownFileType = sourcecode.swift; path = ProtocolWebViewViewControllerDelegate.swift; sourceTree = "<group>"; };
		CC84D5AB29D20149007317D5 /* ProfileViewController.swift */ = {isa = PBXFileReference; lastKnownFileType = sourcecode.swift; path = ProfileViewController.swift; sourceTree = "<group>"; };
		CCB868D729F07F4000F31DA1 /* OAuth2Service.swift */ = {isa = PBXFileReference; lastKnownFileType = sourcecode.swift; path = OAuth2Service.swift; sourceTree = "<group>"; };
/* End PBXFileReference section */

/* Begin PBXFrameworksBuildPhase section */
		CC4D465F29C9F74000DDBF6E /* Frameworks */ = {
			isa = PBXFrameworksBuildPhase;
			buildActionMask = 2147483647;
			files = (
				CC4BDBDB2A1FC2150079B21E /* ProgressHUD in Frameworks */,
			);
			runOnlyForDeploymentPostprocessing = 0;
		};
/* End PBXFrameworksBuildPhase section */

/* Begin PBXGroup section */
		CC4D465929C9F74000DDBF6E = {
			isa = PBXGroup;
			children = (
				CC4D466429C9F74000DDBF6E /* ImageFeed2 */,
				CC4D466329C9F74000DDBF6E /* Products */,
			);
			sourceTree = "<group>";
		};
		CC4D466329C9F74000DDBF6E /* Products */ = {
			isa = PBXGroup;
			children = (
				CC4D466229C9F74000DDBF6E /* ImageFeed2.app */,
			);
			name = Products;
			sourceTree = "<group>";
		};
		CC4D466429C9F74000DDBF6E /* ImageFeed2 */ = {
			isa = PBXGroup;
			children = (
				CC3F2A1A29FAE82B0071CC51 /* SplashViewController.swift */,
				CC5D613B29EF13100034CB8D /* Auth */,
				CC0D777729D838B80095F2F9 /* SingleImageViewController.swift */,
				CC4D467B29CA076300DDBF6E /* ImagesList */,
				CC4D466529C9F74000DDBF6E /* AppDelegate.swift */,
				CC84D5AB29D20149007317D5 /* ProfileViewController.swift */,
				CC4D466729C9F74000DDBF6E /* SceneDelegate.swift */,
				CC4D466B29C9F74000DDBF6E /* Main.storyboard */,
				CC4D466E29C9F74200DDBF6E /* Assets.xcassets */,
				CC4D467029C9F74200DDBF6E /* LaunchScreen.storyboard */,
				CC4D467329C9F74200DDBF6E /* Info.plist */,
			);
			path = ImageFeed2;
			sourceTree = "<group>";
		};
		CC4D467B29CA076300DDBF6E /* ImagesList */ = {
			isa = PBXGroup;
			children = (
				CC4D466929C9F74000DDBF6E /* ImagesListViewController.swift */,
				CC4D467929CA074100DDBF6E /* ImagesListCell.swift */,
			);
			path = ImagesList;
			sourceTree = "<group>";
		};
		CC5D613B29EF13100034CB8D /* Auth */ = {
			isa = PBXGroup;
			children = (
				CC5D613E29EF13280034CB8D /* Models */,
				CC5D613F29EF172F0034CB8D /* AuthViewController.swift */,
				CC5D614129EF17BE0034CB8D /* WebViewViewController.swift */,
				CC5D614329EF21F30034CB8D /* ProtocolWebViewViewControllerDelegate.swift */,
				CCB868D729F07F4000F31DA1 /* OAuth2Service.swift */,
				CC3F2A1529F55F880071CC51 /* OAuth2TokenStorage.swift */,
			);
			path = Auth;
			sourceTree = "<group>";
		};
		CC5D613E29EF13280034CB8D /* Models */ = {
			isa = PBXGroup;
			children = (
				CC5D613C29EF13210034CB8D /* Constants.swift */,
				CC3F2A0F29F47CE70071CC51 /* UnsplashOAuth2Response.swift */,
				CC3F2A1129F480220071CC51 /* UnsplashOAuth2ResponseError.swift */,
				CC3F2A1329F5576D0071CC51 /* UnsplashError.swift */,
			);
			path = Models;
			sourceTree = "<group>";
		};
/* End PBXGroup section */

/* Begin PBXNativeTarget section */
		CC4D466129C9F74000DDBF6E /* ImageFeed2 */ = {
			isa = PBXNativeTarget;
			buildConfigurationList = CC4D467629C9F74200DDBF6E /* Build configuration list for PBXNativeTarget "ImageFeed2" */;
			buildPhases = (
				CC4D465E29C9F74000DDBF6E /* Sources */,
				CC4D465F29C9F74000DDBF6E /* Frameworks */,
				CC4D466029C9F74000DDBF6E /* Resources */,
			);
			buildRules = (
			);
			dependencies = (
			);
			name = ImageFeed2;
			packageProductDependencies = (
				CC4BDBDA2A1FC2150079B21E /* ProgressHUD */,
			);
			productName = ImageFeed2;
			productReference = CC4D466229C9F74000DDBF6E /* ImageFeed2.app */;
			productType = "com.apple.product-type.application";
		};
/* End PBXNativeTarget section */

/* Begin PBXProject section */
		CC4D465A29C9F74000DDBF6E /* Project object */ = {
			isa = PBXProject;
			attributes = {
				BuildIndependentTargetsInParallel = 1;
				LastSwiftUpdateCheck = 1420;
				LastUpgradeCheck = 1420;
				TargetAttributes = {
					CC4D466129C9F74000DDBF6E = {
						CreatedOnToolsVersion = 14.2;
					};
				};
			};
			buildConfigurationList = CC4D465D29C9F74000DDBF6E /* Build configuration list for PBXProject "ImageFeed2" */;
			compatibilityVersion = "Xcode 14.0";
			developmentRegion = en;
			hasScannedForEncodings = 0;
			knownRegions = (
				en,
				Base,
			);
			mainGroup = CC4D465929C9F74000DDBF6E;
			packageReferences = (
				CC4BDBD92A1FC2150079B21E /* XCRemoteSwiftPackageReference "ProgressHUD" */,
			);
			productRefGroup = CC4D466329C9F74000DDBF6E /* Products */;
			projectDirPath = "";
			projectRoot = "";
			targets = (
				CC4D466129C9F74000DDBF6E /* ImageFeed2 */,
			);
		};
/* End PBXProject section */

/* Begin PBXResourcesBuildPhase section */
		CC4D466029C9F74000DDBF6E /* Resources */ = {
			isa = PBXResourcesBuildPhase;
			buildActionMask = 2147483647;
			files = (
				CC4D467229C9F74200DDBF6E /* LaunchScreen.storyboard in Resources */,
				CC4D466F29C9F74200DDBF6E /* Assets.xcassets in Resources */,
				CC4D466D29C9F74000DDBF6E /* Main.storyboard in Resources */,
			);
			runOnlyForDeploymentPostprocessing = 0;
		};
/* End PBXResourcesBuildPhase section */

/* Begin PBXSourcesBuildPhase section */
		CC4D465E29C9F74000DDBF6E /* Sources */ = {
			isa = PBXSourcesBuildPhase;
			buildActionMask = 2147483647;
			files = (
				CC4D466A29C9F74000DDBF6E /* ImagesListViewController.swift in Sources */,
				CC4D467A29CA074100DDBF6E /* ImagesListCell.swift in Sources */,
				CC3F2A1B29FAE82B0071CC51 /* SplashViewController.swift in Sources */,
				CCB868D829F07F4000F31DA1 /* OAuth2Service.swift in Sources */,
				CC84D5AC29D20149007317D5 /* ProfileViewController.swift in Sources */,
				CC4D466629C9F74000DDBF6E /* AppDelegate.swift in Sources */,
				CC3F2A1629F55F880071CC51 /* OAuth2TokenStorage.swift in Sources */,
				CC3F2A1429F5576D0071CC51 /* UnsplashError.swift in Sources */,
				CC5D614029EF172F0034CB8D /* AuthViewController.swift in Sources */,
				CC3F2A1029F47CE70071CC51 /* UnsplashOAuth2Response.swift in Sources */,
				CC5D613D29EF13210034CB8D /* Constants.swift in Sources */,
				CC0D777829D838B80095F2F9 /* SingleImageViewController.swift in Sources */,
				CC3F2A1229F480220071CC51 /* UnsplashOAuth2ResponseError.swift in Sources */,
				CC5D614429EF21F30034CB8D /* ProtocolWebViewViewControllerDelegate.swift in Sources */,
				CC5D614229EF17BE0034CB8D /* WebViewViewController.swift in Sources */,
				CC4D466829C9F74000DDBF6E /* SceneDelegate.swift in Sources */,
			);
			runOnlyForDeploymentPostprocessing = 0;
		};
/* End PBXSourcesBuildPhase section */

/* Begin PBXVariantGroup section */
		CC4D466B29C9F74000DDBF6E /* Main.storyboard */ = {
			isa = PBXVariantGroup;
			children = (
				CC4D466C29C9F74000DDBF6E /* Base */,
			);
			name = Main.storyboard;
			sourceTree = "<group>";
		};
		CC4D467029C9F74200DDBF6E /* LaunchScreen.storyboard */ = {
			isa = PBXVariantGroup;
			children = (
				CC4D467129C9F74200DDBF6E /* Base */,
			);
			name = LaunchScreen.storyboard;
			sourceTree = "<group>";
		};
/* End PBXVariantGroup section */

/* Begin XCBuildConfiguration section */
		CC4D467429C9F74200DDBF6E /* Debug */ = {
			isa = XCBuildConfiguration;
			buildSettings = {
				ALWAYS_SEARCH_USER_PATHS = NO;
				CLANG_ANALYZER_NONNULL = YES;
				CLANG_ANALYZER_NUMBER_OBJECT_CONVERSION = YES_AGGRESSIVE;
				CLANG_CXX_LANGUAGE_STANDARD = "gnu++20";
				CLANG_ENABLE_MODULES = YES;
				CLANG_ENABLE_OBJC_ARC = YES;
				CLANG_ENABLE_OBJC_WEAK = YES;
				CLANG_WARN_BLOCK_CAPTURE_AUTORELEASING = YES;
				CLANG_WARN_BOOL_CONVERSION = YES;
				CLANG_WARN_COMMA = YES;
				CLANG_WARN_CONSTANT_CONVERSION = YES;
				CLANG_WARN_DEPRECATED_OBJC_IMPLEMENTATIONS = YES;
				CLANG_WARN_DIRECT_OBJC_ISA_USAGE = YES_ERROR;
				CLANG_WARN_DOCUMENTATION_COMMENTS = YES;
				CLANG_WARN_EMPTY_BODY = YES;
				CLANG_WARN_ENUM_CONVERSION = YES;
				CLANG_WARN_INFINITE_RECURSION = YES;
				CLANG_WARN_INT_CONVERSION = YES;
				CLANG_WARN_NON_LITERAL_NULL_CONVERSION = YES;
				CLANG_WARN_OBJC_IMPLICIT_RETAIN_SELF = YES;
				CLANG_WARN_OBJC_LITERAL_CONVERSION = YES;
				CLANG_WARN_OBJC_ROOT_CLASS = YES_ERROR;
				CLANG_WARN_QUOTED_INCLUDE_IN_FRAMEWORK_HEADER = YES;
				CLANG_WARN_RANGE_LOOP_ANALYSIS = YES;
				CLANG_WARN_STRICT_PROTOTYPES = YES;
				CLANG_WARN_SUSPICIOUS_MOVE = YES;
				CLANG_WARN_UNGUARDED_AVAILABILITY = YES_AGGRESSIVE;
				CLANG_WARN_UNREACHABLE_CODE = YES;
				CLANG_WARN__DUPLICATE_METHOD_MATCH = YES;
				COPY_PHASE_STRIP = NO;
				DEBUG_INFORMATION_FORMAT = dwarf;
				ENABLE_STRICT_OBJC_MSGSEND = YES;
				ENABLE_TESTABILITY = YES;
				GCC_C_LANGUAGE_STANDARD = gnu11;
				GCC_DYNAMIC_NO_PIC = NO;
				GCC_NO_COMMON_BLOCKS = YES;
				GCC_OPTIMIZATION_LEVEL = 0;
				GCC_PREPROCESSOR_DEFINITIONS = (
					"DEBUG=1",
					"$(inherited)",
				);
				GCC_WARN_64_TO_32_BIT_CONVERSION = YES;
				GCC_WARN_ABOUT_RETURN_TYPE = YES_ERROR;
				GCC_WARN_UNDECLARED_SELECTOR = YES;
				GCC_WARN_UNINITIALIZED_AUTOS = YES_AGGRESSIVE;
				GCC_WARN_UNUSED_FUNCTION = YES;
				GCC_WARN_UNUSED_VARIABLE = YES;
				IPHONEOS_DEPLOYMENT_TARGET = 16.2;
				MTL_ENABLE_DEBUG_INFO = INCLUDE_SOURCE;
				MTL_FAST_MATH = YES;
				ONLY_ACTIVE_ARCH = YES;
				SDKROOT = iphoneos;
				SWIFT_ACTIVE_COMPILATION_CONDITIONS = DEBUG;
				SWIFT_OPTIMIZATION_LEVEL = "-Onone";
			};
			name = Debug;
		};
		CC4D467529C9F74200DDBF6E /* Release */ = {
			isa = XCBuildConfiguration;
			buildSettings = {
				ALWAYS_SEARCH_USER_PATHS = NO;
				CLANG_ANALYZER_NONNULL = YES;
				CLANG_ANALYZER_NUMBER_OBJECT_CONVERSION = YES_AGGRESSIVE;
				CLANG_CXX_LANGUAGE_STANDARD = "gnu++20";
				CLANG_ENABLE_MODULES = YES;
				CLANG_ENABLE_OBJC_ARC = YES;
				CLANG_ENABLE_OBJC_WEAK = YES;
				CLANG_WARN_BLOCK_CAPTURE_AUTORELEASING = YES;
				CLANG_WARN_BOOL_CONVERSION = YES;
				CLANG_WARN_COMMA = YES;
				CLANG_WARN_CONSTANT_CONVERSION = YES;
				CLANG_WARN_DEPRECATED_OBJC_IMPLEMENTATIONS = YES;
				CLANG_WARN_DIRECT_OBJC_ISA_USAGE = YES_ERROR;
				CLANG_WARN_DOCUMENTATION_COMMENTS = YES;
				CLANG_WARN_EMPTY_BODY = YES;
				CLANG_WARN_ENUM_CONVERSION = YES;
				CLANG_WARN_INFINITE_RECURSION = YES;
				CLANG_WARN_INT_CONVERSION = YES;
				CLANG_WARN_NON_LITERAL_NULL_CONVERSION = YES;
				CLANG_WARN_OBJC_IMPLICIT_RETAIN_SELF = YES;
				CLANG_WARN_OBJC_LITERAL_CONVERSION = YES;
				CLANG_WARN_OBJC_ROOT_CLASS = YES_ERROR;
				CLANG_WARN_QUOTED_INCLUDE_IN_FRAMEWORK_HEADER = YES;
				CLANG_WARN_RANGE_LOOP_ANALYSIS = YES;
				CLANG_WARN_STRICT_PROTOTYPES = YES;
				CLANG_WARN_SUSPICIOUS_MOVE = YES;
				CLANG_WARN_UNGUARDED_AVAILABILITY = YES_AGGRESSIVE;
				CLANG_WARN_UNREACHABLE_CODE = YES;
				CLANG_WARN__DUPLICATE_METHOD_MATCH = YES;
				COPY_PHASE_STRIP = NO;
				DEBUG_INFORMATION_FORMAT = "dwarf-with-dsym";
				ENABLE_NS_ASSERTIONS = NO;
				ENABLE_STRICT_OBJC_MSGSEND = YES;
				GCC_C_LANGUAGE_STANDARD = gnu11;
				GCC_NO_COMMON_BLOCKS = YES;
				GCC_WARN_64_TO_32_BIT_CONVERSION = YES;
				GCC_WARN_ABOUT_RETURN_TYPE = YES_ERROR;
				GCC_WARN_UNDECLARED_SELECTOR = YES;
				GCC_WARN_UNINITIALIZED_AUTOS = YES_AGGRESSIVE;
				GCC_WARN_UNUSED_FUNCTION = YES;
				GCC_WARN_UNUSED_VARIABLE = YES;
				IPHONEOS_DEPLOYMENT_TARGET = 16.2;
				MTL_ENABLE_DEBUG_INFO = NO;
				MTL_FAST_MATH = YES;
				SDKROOT = iphoneos;
				SWIFT_COMPILATION_MODE = wholemodule;
				SWIFT_OPTIMIZATION_LEVEL = "-O";
				VALIDATE_PRODUCT = YES;
			};
			name = Release;
		};
		CC4D467729C9F74200DDBF6E /* Debug */ = {
			isa = XCBuildConfiguration;
			buildSettings = {
				ASSETCATALOG_COMPILER_APPICON_NAME = AppIcon;
				ASSETCATALOG_COMPILER_GLOBAL_ACCENT_COLOR_NAME = AccentColor;
				CODE_SIGN_STYLE = Automatic;
				CURRENT_PROJECT_VERSION = 1;
				GENERATE_INFOPLIST_FILE = YES;
				INFOPLIST_FILE = ImageFeed2/Info.plist;
				INFOPLIST_KEY_UIApplicationSupportsIndirectInputEvents = YES;
				INFOPLIST_KEY_UILaunchStoryboardName = LaunchScreen;
				INFOPLIST_KEY_UIMainStoryboardFile = Main;
				INFOPLIST_KEY_UIStatusBarStyle = UIStatusBarStyleLightContent;
				INFOPLIST_KEY_UISupportedInterfaceOrientations = UIInterfaceOrientationPortrait;
				IPHONEOS_DEPLOYMENT_TARGET = 13.0;
				LD_RUNPATH_SEARCH_PATHS = (
					"$(inherited)",
					"@executable_path/Frameworks",
				);
				MARKETING_VERSION = 1.0;
				PRODUCT_BUNDLE_IDENTIFIER = com.rozetka220.ImageFeed2;
				PRODUCT_NAME = "$(TARGET_NAME)";
				SWIFT_EMIT_LOC_STRINGS = YES;
				SWIFT_VERSION = 5.0;
				TARGETED_DEVICE_FAMILY = 1;
			};
			name = Debug;
		};
		CC4D467829C9F74200DDBF6E /* Release */ = {
			isa = XCBuildConfiguration;
			buildSettings = {
				ASSETCATALOG_COMPILER_APPICON_NAME = AppIcon;
				ASSETCATALOG_COMPILER_GLOBAL_ACCENT_COLOR_NAME = AccentColor;
				CODE_SIGN_STYLE = Automatic;
				CURRENT_PROJECT_VERSION = 1;
				GENERATE_INFOPLIST_FILE = YES;
				INFOPLIST_FILE = ImageFeed2/Info.plist;
				INFOPLIST_KEY_UIApplicationSupportsIndirectInputEvents = YES;
				INFOPLIST_KEY_UILaunchStoryboardName = LaunchScreen;
				INFOPLIST_KEY_UIMainStoryboardFile = Main;
				INFOPLIST_KEY_UIStatusBarStyle = UIStatusBarStyleLightContent;
				INFOPLIST_KEY_UISupportedInterfaceOrientations = UIInterfaceOrientationPortrait;
				IPHONEOS_DEPLOYMENT_TARGET = 13.0;
				LD_RUNPATH_SEARCH_PATHS = (
					"$(inherited)",
					"@executable_path/Frameworks",
				);
				MARKETING_VERSION = 1.0;
				PRODUCT_BUNDLE_IDENTIFIER = com.rozetka220.ImageFeed2;
				PRODUCT_NAME = "$(TARGET_NAME)";
				SWIFT_EMIT_LOC_STRINGS = YES;
				SWIFT_VERSION = 5.0;
				TARGETED_DEVICE_FAMILY = 1;
			};
			name = Release;
		};
/* End XCBuildConfiguration section */

/* Begin XCConfigurationList section */
		CC4D465D29C9F74000DDBF6E /* Build configuration list for PBXProject "ImageFeed2" */ = {
			isa = XCConfigurationList;
			buildConfigurations = (
				CC4D467429C9F74200DDBF6E /* Debug */,
				CC4D467529C9F74200DDBF6E /* Release */,
			);
			defaultConfigurationIsVisible = 0;
			defaultConfigurationName = Release;
		};
		CC4D467629C9F74200DDBF6E /* Build configuration list for PBXNativeTarget "ImageFeed2" */ = {
			isa = XCConfigurationList;
			buildConfigurations = (
				CC4D467729C9F74200DDBF6E /* Debug */,
				CC4D467829C9F74200DDBF6E /* Release */,
			);
			defaultConfigurationIsVisible = 0;
			defaultConfigurationName = Release;
		};
/* End XCConfigurationList section */

/* Begin XCRemoteSwiftPackageReference section */
		CC4BDBD92A1FC2150079B21E /* XCRemoteSwiftPackageReference "ProgressHUD" */ = {
			isa = XCRemoteSwiftPackageReference;
			repositoryURL = "https://github.com/relatedcode/ProgressHUD";
			requirement = {
				kind = exactVersion;
				version = 13.6.2;
			};
		};
/* End XCRemoteSwiftPackageReference section */

/* Begin XCSwiftPackageProductDependency section */
		CC4BDBDA2A1FC2150079B21E /* ProgressHUD */ = {
			isa = XCSwiftPackageProductDependency;
			package = CC4BDBD92A1FC2150079B21E /* XCRemoteSwiftPackageReference "ProgressHUD" */;
			productName = ProgressHUD;
		};
/* End XCSwiftPackageProductDependency section */
	};
	rootObject = CC4D465A29C9F74000DDBF6E /* Project object */;
}
